
Microsoft Visual Studio Solution File, Format Version 12.00
# Visual Studio Version 17
VisualStudioVersion = 17.0.31903.59
MinimumVisualStudioVersion = 10.0.40219.1
Project("{FAE04EC0-301F-11D3-BF4B-00C04F79EFBC}") = "System.Api", "System.Api\System.Api.csproj", "{B12E300C-BF13-4AAD-9493-EEAD3635F2ED}"
EndProject
Project("{FAE04EC0-301F-11D3-BF4B-00C04F79EFBC}") = "System.Application", "System.Application\System.Application.csproj", "{7644AE27-9E02-4A52-8290-74C61C6BE2A9}"
EndProject
Project("{FAE04EC0-301F-11D3-BF4B-00C04F79EFBC}") = "System.Domain", "System.Domain\System.Domain.csproj", "{9FFD3300-542F-4C9B-ABB7-A0482808E6E0}"
EndProject
Project("{FAE04EC0-301F-11D3-BF4B-00C04F79EFBC}") = "System.Infrastructure", "System.Infrastructure\System.Infrastructure.csproj", "{6EF3331A-C424-41CD-B840-F4D68D9A5142}"
EndProject
Project("{2150E333-8FDC-42A3-9474-1A3956D46DE8}") = "Solution Items", "Solution Items", "{181341E7-F29B-4060-BCC1-2A7E0F3BE1EF}"
	ProjectSection(SolutionItems) = preProject
		compose.yaml = compose.yaml
	EndProjectSection
EndProject
Global
	GlobalSection(SolutionConfigurationPlatforms) = preSolution
		Debug|Any CPU = Debug|Any CPU
		Release|Any CPU = Release|Any CPU
	EndGlobalSection
	GlobalSection(SolutionProperties) = preSolution
		HideSolutionNode = FALSE
	EndGlobalSection
	GlobalSection(ProjectConfigurationPlatforms) = postSolution
		{B12E300C-BF13-4AAD-9493-EEAD3635F2ED}.Debug|Any CPU.ActiveCfg = Debug|Any CPU
		{B12E300C-BF13-4AAD-9493-EEAD3635F2ED}.Debug|Any CPU.Build.0 = Debug|Any CPU
		{B12E300C-BF13-4AAD-9493-EEAD3635F2ED}.Release|Any CPU.ActiveCfg = Release|Any CPU
		{B12E300C-BF13-4AAD-9493-EEAD3635F2ED}.Release|Any CPU.Build.0 = Release|Any CPU
		{7644AE27-9E02-4A52-8290-74C61C6BE2A9}.Debug|Any CPU.ActiveCfg = Debug|Any CPU
		{7644AE27-9E02-4A52-8290-74C61C6BE2A9}.Debug|Any CPU.Build.0 = Debug|Any CPU
		{7644AE27-9E02-4A52-8290-74C61C6BE2A9}.Release|Any CPU.ActiveCfg = Release|Any CPU
		{7644AE27-9E02-4A52-8290-74C61C6BE2A9}.Release|Any CPU.Build.0 = Release|Any CPU
		{9FFD3300-542F-4C9B-ABB7-A0482808E6E0}.Debug|Any CPU.ActiveCfg = Debug|Any CPU
		{9FFD3300-542F-4C9B-ABB7-A0482808E6E0}.Debug|Any CPU.Build.0 = Debug|Any CPU
		{9FFD3300-542F-4C9B-ABB7-A0482808E6E0}.Release|Any CPU.ActiveCfg = Release|Any CPU
		{9FFD3300-542F-4C9B-ABB7-A0482808E6E0}.Release|Any CPU.Build.0 = Release|Any CPU
		{6EF3331A-C424-41CD-B840-F4D68D9A5142}.Debug|Any CPU.ActiveCfg = Debug|Any CPU
		{6EF3331A-C424-41CD-B840-F4D68D9A5142}.Debug|Any CPU.Build.0 = Debug|Any CPU
		{6EF3331A-C424-41CD-B840-F4D68D9A5142}.Release|Any CPU.ActiveCfg = Release|Any CPU
		{6EF3331A-C424-41CD-B840-F4D68D9A5142}.Release|Any CPU.Build.0 = Release|Any CPU
	EndGlobalSection
EndGlobal
