
Microsoft Visual Studio Solution File, Format Version 12.00
Project("{FAE04EC0-301F-11D3-BF4B-00C04F79EFBC}") = "PruebaRutaAvanzada", "PruebaRutaAvanzada\PruebaRutaAvanzada.csproj", "{F651FE11-2E4E-4B98-AD16-377C3565D48C}"
EndProject
Global
	GlobalSection(SolutionConfigurationPlatforms) = preSolution
		Debug|Any CPU = Debug|Any CPU
		Release|Any CPU = Release|Any CPU
	EndGlobalSection
	GlobalSection(ProjectConfigurationPlatforms) = postSolution
		{F651FE11-2E4E-4B98-AD16-377C3565D48C}.Debug|Any CPU.ActiveCfg = Debug|Any CPU
		{F651FE11-2E4E-4B98-AD16-377C3565D48C}.Debug|Any CPU.Build.0 = Debug|Any CPU
		{F651FE11-2E4E-4B98-AD16-377C3565D48C}.Release|Any CPU.ActiveCfg = Release|Any CPU
		{F651FE11-2E4E-4B98-AD16-377C3565D48C}.Release|Any CPU.Build.0 = Release|Any CPU
	EndGlobalSection
EndGlobal
